
Microsoft Visual Studio Solution File, Format Version 12.00
# Visual Studio Version 17
VisualStudioVersion = 17.6.33927.249
MinimumVisualStudioVersion = 10.0.40219.1
Project("{FAE04EC0-301F-11D3-BF4B-00C04F79EFBC}") = "TaskAssignmentAndNotificationApi", "TaskAssignmentAndNotificationApi.csproj", "{EE1207E3-0B7C-4A69-BED0-F68F4D383CD5}"
EndProject
Global
	GlobalSection(SolutionConfigurationPlatforms) = preSolution
		Debug|Any CPU = Debug|Any CPU
		Release|Any CPU = Release|Any CPU
	EndGlobalSection
	GlobalSection(ProjectConfigurationPlatforms) = postSolution
		{EE1207E3-0B7C-4A69-BED0-F68F4D383CD5}.Debug|Any CPU.ActiveCfg = Debug|Any CPU
		{EE1207E3-0B7C-4A69-BED0-F68F4D383CD5}.Debug|Any CPU.Build.0 = Debug|Any CPU
		{EE1207E3-0B7C-4A69-BED0-F68F4D383CD5}.Release|Any CPU.ActiveCfg = Release|Any CPU
		{EE1207E3-0B7C-4A69-BED0-F68F4D383CD5}.Release|Any CPU.Build.0 = Release|Any CPU
	EndGlobalSection
	GlobalSection(SolutionProperties) = preSolution
		HideSolutionNode = FALSE
	EndGlobalSection
	GlobalSection(ExtensibilityGlobals) = postSolution
		SolutionGuid = {23D689C4-A3AF-4263-A2F5-C02E1D9CE487}
	EndGlobalSection
EndGlobal
